
Microsoft Visual Studio Solution File, Format Version 12.00
# Visual Studio Version 17
VisualStudioVersion = 17.2.32602.215
MinimumVisualStudioVersion = 10.0.40219.1
Project("{8BC9CEB8-8B4A-11D0-8D11-00A0C91BC942}") = "浮点型的存储", "浮点型的存储\浮点型的存储.vcxproj", "{23CF8865-0271-4FB9-8672-73A427C33979}"
EndProject
Global
	GlobalSection(SolutionConfigurationPlatforms) = preSolution
		Debug|x64 = Debug|x64
		Debug|x86 = Debug|x86
		Release|x64 = Release|x64
		Release|x86 = Release|x86
	EndGlobalSection
	GlobalSection(ProjectConfigurationPlatforms) = postSolution
		{23CF8865-0271-4FB9-8672-73A427C33979}.Debug|x64.ActiveCfg = Debug|x64
		{23CF8865-0271-4FB9-8672-73A427C33979}.Debug|x64.Build.0 = Debug|x64
		{23CF8865-0271-4FB9-8672-73A427C33979}.Debug|x86.ActiveCfg = Debug|Win32
		{23CF8865-0271-4FB9-8672-73A427C33979}.Debug|x86.Build.0 = Debug|Win32
		{23CF8865-0271-4FB9-8672-73A427C33979}.Release|x64.ActiveCfg = Release|x64
		{23CF8865-0271-4FB9-8672-73A427C33979}.Release|x64.Build.0 = Release|x64
		{23CF8865-0271-4FB9-8672-73A427C33979}.Release|x86.ActiveCfg = Release|Win32
		{23CF8865-0271-4FB9-8672-73A427C33979}.Release|x86.Build.0 = Release|Win32
	EndGlobalSection
	GlobalSection(SolutionProperties) = preSolution
		HideSolutionNode = FALSE
	EndGlobalSection
	GlobalSection(ExtensibilityGlobals) = postSolution
		SolutionGuid = {65F1CC6D-7C64-4842-8813-3763B30E76FE}
	EndGlobalSection
EndGlobal
