
Microsoft Visual Studio Solution File, Format Version 12.00
# Visual Studio Version 17
VisualStudioVersion = 17.2.32602.215
MinimumVisualStudioVersion = 10.0.40219.1
Project("{8BC9CEB8-8B4A-11D0-8D11-00A0C91BC942}") = "整形存储题目", "整形存储题目\整形存储题目.vcxproj", "{F17426F4-28DB-4E4F-B93B-F10A39CEFE2B}"
EndProject
Global
	GlobalSection(SolutionConfigurationPlatforms) = preSolution
		Debug|x64 = Debug|x64
		Debug|x86 = Debug|x86
		Release|x64 = Release|x64
		Release|x86 = Release|x86
	EndGlobalSection
	GlobalSection(ProjectConfigurationPlatforms) = postSolution
		{F17426F4-28DB-4E4F-B93B-F10A39CEFE2B}.Debug|x64.ActiveCfg = Debug|x64
		{F17426F4-28DB-4E4F-B93B-F10A39CEFE2B}.Debug|x64.Build.0 = Debug|x64
		{F17426F4-28DB-4E4F-B93B-F10A39CEFE2B}.Debug|x86.ActiveCfg = Debug|Win32
		{F17426F4-28DB-4E4F-B93B-F10A39CEFE2B}.Debug|x86.Build.0 = Debug|Win32
		{F17426F4-28DB-4E4F-B93B-F10A39CEFE2B}.Release|x64.ActiveCfg = Release|x64
		{F17426F4-28DB-4E4F-B93B-F10A39CEFE2B}.Release|x64.Build.0 = Release|x64
		{F17426F4-28DB-4E4F-B93B-F10A39CEFE2B}.Release|x86.ActiveCfg = Release|Win32
		{F17426F4-28DB-4E4F-B93B-F10A39CEFE2B}.Release|x86.Build.0 = Release|Win32
	EndGlobalSection
	GlobalSection(SolutionProperties) = preSolution
		HideSolutionNode = FALSE
	EndGlobalSection
	GlobalSection(ExtensibilityGlobals) = postSolution
		SolutionGuid = {09D2E66E-E46F-4FA1-AC9A-1EA7B3715596}
	EndGlobalSection
EndGlobal
